
Microsoft Visual Studio Solution File, Format Version 12.00
# Visual Studio Version 17
VisualStudioVersion = 17.12.35527.113
MinimumVisualStudioVersion = 10.0.40219.1
Project("{FAE04EC0-301F-11D3-BF4B-00C04F79EFBC}") = "OpenTheWindows", "Source\OpenTheWindows.csproj", "{AB5742EF-36E9-436A-9BE4-46330E1A33B0}"
EndProject
Project("{2150E333-8FDC-42A3-9474-1A3956D46DE8}") = "About", "About", "{16927B3F-E6DF-4922-9A17-400386B3CC15}"
	ProjectSection(SolutionItems) = preProject
		About\About.xml = About\About.xml
		About\Preview.png = About\Preview.png
		About\PublishedFileId.txt = About\PublishedFileId.txt
	EndProjectSection
EndProject
Project("{2150E333-8FDC-42A3-9474-1A3956D46DE8}") = "Textures", "Textures", "{8114C043-1A94-4248-927F-36E71DA53641}"
	ProjectSection(SolutionItems) = preProject
		Textures\NaturalLightMap.png = Textures\NaturalLightMap.png
	EndProjectSection
EndProject
Project("{2150E333-8FDC-42A3-9474-1A3956D46DE8}") = "Things", "Things", "{071B7E40-F926-4602-92B7-55150D236FDD}"
EndProject
Project("{2150E333-8FDC-42A3-9474-1A3956D46DE8}") = "Building", "Building", "{54E9F884-DD50-4D50-A7C2-ECF58C541093}"
	ProjectSection(SolutionItems) = preProject
		Textures\Things\Building\LargeReinforcedWindow_east.png = Textures\Things\Building\LargeReinforcedWindow_east.png
		Textures\Things\Building\LargeReinforcedWindow_eastm.png = Textures\Things\Building\LargeReinforcedWindow_eastm.png
		Textures\Things\Building\LargeReinforcedWindow_north.png = Textures\Things\Building\LargeReinforcedWindow_north.png
		Textures\Things\Building\LargeReinforcedWindow_northm.png = Textures\Things\Building\LargeReinforcedWindow_northm.png
		Textures\Things\Building\LargeReinforcedWindow_Off_east.png = Textures\Things\Building\LargeReinforcedWindow_Off_east.png
		Textures\Things\Building\LargeReinforcedWindow_Off_eastm.png = Textures\Things\Building\LargeReinforcedWindow_Off_eastm.png
		Textures\Things\Building\LargeReinforcedWindow_Off_north.png = Textures\Things\Building\LargeReinforcedWindow_Off_north.png
		Textures\Things\Building\LargeReinforcedWindow_Off_northm.png = Textures\Things\Building\LargeReinforcedWindow_Off_northm.png
		Textures\Things\Building\LargeWindow_east.png = Textures\Things\Building\LargeWindow_east.png
		Textures\Things\Building\LargeWindow_eastm.png = Textures\Things\Building\LargeWindow_eastm.png
		Textures\Things\Building\LargeWindow_north.png = Textures\Things\Building\LargeWindow_north.png
		Textures\Things\Building\LargeWindow_northm.png = Textures\Things\Building\LargeWindow_northm.png
		Textures\Things\Building\LargeWindow_Off_east.png = Textures\Things\Building\LargeWindow_Off_east.png
		Textures\Things\Building\LargeWindow_Off_eastm.png = Textures\Things\Building\LargeWindow_Off_eastm.png
		Textures\Things\Building\LargeWindow_Off_north.png = Textures\Things\Building\LargeWindow_Off_north.png
		Textures\Things\Building\LargeWindow_Off_northm.png = Textures\Things\Building\LargeWindow_Off_northm.png
		Textures\Things\Building\ReinforcedWindow_east.png = Textures\Things\Building\ReinforcedWindow_east.png
		Textures\Things\Building\ReinforcedWindow_eastm.png = Textures\Things\Building\ReinforcedWindow_eastm.png
		Textures\Things\Building\ReinforcedWindow_north.png = Textures\Things\Building\ReinforcedWindow_north.png
		Textures\Things\Building\ReinforcedWindow_northm.png = Textures\Things\Building\ReinforcedWindow_northm.png
		Textures\Things\Building\ReinforcedWindow_Off_east.png = Textures\Things\Building\ReinforcedWindow_Off_east.png
		Textures\Things\Building\ReinforcedWindow_Off_eastm.png = Textures\Things\Building\ReinforcedWindow_Off_eastm.png
		Textures\Things\Building\ReinforcedWindow_Off_north.png = Textures\Things\Building\ReinforcedWindow_Off_north.png
		Textures\Things\Building\ReinforcedWindow_Off_northm.png = Textures\Things\Building\ReinforcedWindow_Off_northm.png
		Textures\Things\Building\SimpleWindow_east.png = Textures\Things\Building\SimpleWindow_east.png
		Textures\Things\Building\SimpleWindow_eastm.png = Textures\Things\Building\SimpleWindow_eastm.png
		Textures\Things\Building\SimpleWindow_north.png = Textures\Things\Building\SimpleWindow_north.png
		Textures\Things\Building\SimpleWindow_northm.png = Textures\Things\Building\SimpleWindow_northm.png
		Textures\Things\Building\SimpleWindow_Off_east.png = Textures\Things\Building\SimpleWindow_Off_east.png
		Textures\Things\Building\SimpleWindow_Off_eastm.png = Textures\Things\Building\SimpleWindow_Off_eastm.png
		Textures\Things\Building\SimpleWindow_Off_north.png = Textures\Things\Building\SimpleWindow_Off_north.png
		Textures\Things\Building\SimpleWindow_Off_northm.png = Textures\Things\Building\SimpleWindow_Off_northm.png
		Textures\Things\Building\Window_east.png = Textures\Things\Building\Window_east.png
		Textures\Things\Building\Window_eastm.png = Textures\Things\Building\Window_eastm.png
		Textures\Things\Building\Window_north.png = Textures\Things\Building\Window_north.png
		Textures\Things\Building\Window_northm.png = Textures\Things\Building\Window_northm.png
		Textures\Things\Building\Window_Off_east.png = Textures\Things\Building\Window_Off_east.png
		Textures\Things\Building\Window_Off_eastm.png = Textures\Things\Building\Window_Off_eastm.png
		Textures\Things\Building\Window_Off_north.png = Textures\Things\Building\Window_Off_north.png
		Textures\Things\Building\Window_Off_northm.png = Textures\Things\Building\Window_Off_northm.png
	EndProjectSection
EndProject
Project("{2150E333-8FDC-42A3-9474-1A3956D46DE8}") = "UI", "UI", "{44B639C0-085C-448A-BF22-C510212D9BF4}"
	ProjectSection(SolutionItems) = preProject
		Textures\UI\AirVentIcon.png = Textures\UI\AirVentIcon.png
		Textures\UI\LightIcon.png = Textures\UI\LightIcon.png
		Textures\UI\OpenWindows.png = Textures\UI\OpenWindows.png
	EndProjectSection
EndProject
Project("{2150E333-8FDC-42A3-9474-1A3956D46DE8}") = "Defs", "Defs", "{F6777F35-8912-4D90-B6BB-B2CF2F898A18}"
	ProjectSection(SolutionItems) = preProject
		Defs\ResearchProjects.xml = Defs\ResearchProjects.xml
		Defs\Things.xml = Defs\Things.xml
	EndProjectSection
EndProject
Project("{2150E333-8FDC-42A3-9474-1A3956D46DE8}") = "News", "News", "{C39B34CB-225A-43AD-84B9-6518483150D5}"
	ProjectSection(SolutionItems) = preProject
		News\Alarm.png = News\Alarm.png
		News\AutoVent.png = News\AutoVent.png
		News\OpenTheWindows_UpdateFeatures.xml = News\OpenTheWindows_UpdateFeatures.xml
		News\SmartWindow.png = News\SmartWindow.png
		News\SmartWindows.png = News\SmartWindows.png
	EndProjectSection
EndProject
Project("{2150E333-8FDC-42A3-9474-1A3956D46DE8}") = "Languages", "Languages", "{1A8E66A4-DE1C-4DC9-BA20-7BE6E3148076}"
EndProject
Project("{2150E333-8FDC-42A3-9474-1A3956D46DE8}") = "ChineseSimplified", "ChineseSimplified", "{F9C71215-9C7D-49B3-9643-1F1E4A794CC9}"
EndProject
Project("{2150E333-8FDC-42A3-9474-1A3956D46DE8}") = "DefInjected", "DefInjected", "{20EA4A03-1784-4AFB-875E-7BB6C5D08448}"
EndProject
Project("{2150E333-8FDC-42A3-9474-1A3956D46DE8}") = "ResearchProjectDef", "ResearchProjectDef", "{B92E432A-67CE-4260-8F45-77B627B5BA53}"
	ProjectSection(SolutionItems) = preProject
		Languages\ChineseSimplified\DefInjected\ResearchProjectDef\ResearchProjects.xml = Languages\ChineseSimplified\DefInjected\ResearchProjectDef\ResearchProjects.xml
	EndProjectSection
EndProject
Project("{2150E333-8FDC-42A3-9474-1A3956D46DE8}") = "ThingDef", "ThingDef", "{AA2446C9-555D-4953-8C5D-8BF7C96FC721}"
	ProjectSection(SolutionItems) = preProject
		Languages\ChineseSimplified\DefInjected\ThingDef\Things.xml = Languages\ChineseSimplified\DefInjected\ThingDef\Things.xml
	EndProjectSection
EndProject
Project("{2150E333-8FDC-42A3-9474-1A3956D46DE8}") = "Keyed", "Keyed", "{79FB0CCF-BBF7-41B0-9844-D633CABEE192}"
	ProjectSection(SolutionItems) = preProject
		Languages\ChineseSimplified\Keyed\OpenTheWindows_keys.xml = Languages\ChineseSimplified\Keyed\OpenTheWindows_keys.xml
	EndProjectSection
EndProject
Project("{2150E333-8FDC-42A3-9474-1A3956D46DE8}") = "ChineseTraditional", "ChineseTraditional", "{01DBA416-F305-49F6-858E-122F9566D80A}"
EndProject
Project("{2150E333-8FDC-42A3-9474-1A3956D46DE8}") = "DefInjected", "DefInjected", "{D845953E-4786-459A-AC0F-D9AFE21BB0B1}"
EndProject
Project("{2150E333-8FDC-42A3-9474-1A3956D46DE8}") = "ResearchProjectDef", "ResearchProjectDef", "{7172B8C9-FCDB-47FB-BD96-356ACAC8B4B8}"
	ProjectSection(SolutionItems) = preProject
		Languages\ChineseTraditional\DefInjected\ResearchProjectDef\ResearchProjects.xml = Languages\ChineseTraditional\DefInjected\ResearchProjectDef\ResearchProjects.xml
	EndProjectSection
EndProject
Project("{2150E333-8FDC-42A3-9474-1A3956D46DE8}") = "ThingDef", "ThingDef", "{ACE4759F-7510-433A-9F7C-290541998F10}"
	ProjectSection(SolutionItems) = preProject
		Languages\ChineseTraditional\DefInjected\ThingDef\Things.xml = Languages\ChineseTraditional\DefInjected\ThingDef\Things.xml
	EndProjectSection
EndProject
Project("{2150E333-8FDC-42A3-9474-1A3956D46DE8}") = "Keyed", "Keyed", "{0C83398F-0D7A-4BED-881E-E9F8B21F5571}"
	ProjectSection(SolutionItems) = preProject
		Languages\ChineseTraditional\Keyed\OpenTheWindows_keys.xml = Languages\ChineseTraditional\Keyed\OpenTheWindows_keys.xml
	EndProjectSection
EndProject
Project("{2150E333-8FDC-42A3-9474-1A3956D46DE8}") = "English", "English", "{41CC156F-A249-49B1-81CB-1AEDA2C6C550}"
EndProject
Project("{2150E333-8FDC-42A3-9474-1A3956D46DE8}") = "Keyed", "Keyed", "{7D2F2B9F-EF43-46F5-AA74-75CB84BB5D07}"
	ProjectSection(SolutionItems) = preProject
		Languages\English\Keyed\OpenTheWindows_keys.xml = Languages\English\Keyed\OpenTheWindows_keys.xml
	EndProjectSection
EndProject
Project("{2150E333-8FDC-42A3-9474-1A3956D46DE8}") = "French", "French", "{192CB923-4C05-401A-9CC0-5DB8C0DE2F9E}"
EndProject
Project("{2150E333-8FDC-42A3-9474-1A3956D46DE8}") = "DefInjected", "DefInjected", "{13B5DFF3-8FBA-4EE4-AE2B-EF4A00AB8D03}"
EndProject
Project("{2150E333-8FDC-42A3-9474-1A3956D46DE8}") = "ResearchProjectDef", "ResearchProjectDef", "{885B51DF-8285-4ED4-8379-034563E91364}"
	ProjectSection(SolutionItems) = preProject
		Languages\French\DefInjected\ResearchProjectDef\ResearchProjects.xml = Languages\French\DefInjected\ResearchProjectDef\ResearchProjects.xml
	EndProjectSection
EndProject
Project("{2150E333-8FDC-42A3-9474-1A3956D46DE8}") = "ThingDef", "ThingDef", "{B0D9D3CB-239D-448A-AEDC-118980FAF001}"
	ProjectSection(SolutionItems) = preProject
		Languages\French\DefInjected\ThingDef\Things.xml = Languages\French\DefInjected\ThingDef\Things.xml
	EndProjectSection
EndProject
Project("{2150E333-8FDC-42A3-9474-1A3956D46DE8}") = "Keyed", "Keyed", "{45197375-C69B-4341-A2CD-FA5793658B8A}"
	ProjectSection(SolutionItems) = preProject
		Languages\French\Keyed\OpenTheWindows_keys.xml = Languages\French\Keyed\OpenTheWindows_keys.xml
	EndProjectSection
EndProject
Project("{2150E333-8FDC-42A3-9474-1A3956D46DE8}") = "Italian", "Italian", "{9A239C26-310E-40C5-965D-2C1AE8482C28}"
EndProject
Project("{2150E333-8FDC-42A3-9474-1A3956D46DE8}") = "DefInjected", "DefInjected", "{54C211DC-6665-4200-AED5-3D012437F06B}"
EndProject
Project("{2150E333-8FDC-42A3-9474-1A3956D46DE8}") = "ThingDef", "ThingDef", "{32D4B8EF-4485-45A1-B414-160F684DF3A2}"
	ProjectSection(SolutionItems) = preProject
		Languages\Italian\DefInjected\ThingDef\TranslateThings.xml = Languages\Italian\DefInjected\ThingDef\TranslateThings.xml
	EndProjectSection
EndProject
Project("{2150E333-8FDC-42A3-9474-1A3956D46DE8}") = "Keyed", "Keyed", "{7EBA6B6B-C3C9-4E3B-8351-3AECCCEEACB7}"
	ProjectSection(SolutionItems) = preProject
		Languages\Italian\Keyed\OpenTheWindows_keys.xml = Languages\Italian\Keyed\OpenTheWindows_keys.xml
	EndProjectSection
EndProject
Project("{2150E333-8FDC-42A3-9474-1A3956D46DE8}") = "PortugueseBrazilian", "PortugueseBrazilian", "{DFD5E181-DDBD-46A6-B58C-0BDEEB250FDB}"
EndProject
Project("{2150E333-8FDC-42A3-9474-1A3956D46DE8}") = "DefInjected", "DefInjected", "{37E1C419-FBBB-4EE3-A147-CCFB58A758CD}"
EndProject
Project("{2150E333-8FDC-42A3-9474-1A3956D46DE8}") = "ThingDef", "ThingDef", "{39280371-C04F-4FFA-BAF6-4D53C50D5470}"
	ProjectSection(SolutionItems) = preProject
		Languages\PortugueseBrazilian\DefInjected\ThingDef\TranslateThings.xml = Languages\PortugueseBrazilian\DefInjected\ThingDef\TranslateThings.xml
	EndProjectSection
EndProject
Project("{2150E333-8FDC-42A3-9474-1A3956D46DE8}") = "Keyed", "Keyed", "{74694E1A-13A8-4381-9993-DC847F144CFC}"
	ProjectSection(SolutionItems) = preProject
		Languages\PortugueseBrazilian\Keyed\OpenTheWindows_keys.xml = Languages\PortugueseBrazilian\Keyed\OpenTheWindows_keys.xml
	EndProjectSection
EndProject
Project("{2150E333-8FDC-42A3-9474-1A3956D46DE8}") = "Russian", "Russian", "{B0A48807-0D5A-43C4-AE8C-AD1A6DC774F0}"
EndProject
Project("{2150E333-8FDC-42A3-9474-1A3956D46DE8}") = "DefInjected", "DefInjected", "{FC2F75F7-D815-41E0-9196-14ECABE34555}"
EndProject
Project("{2150E333-8FDC-42A3-9474-1A3956D46DE8}") = "ResearchProjectDef", "ResearchProjectDef", "{F38E875B-6601-4922-A466-4C71390F9EE6}"
	ProjectSection(SolutionItems) = preProject
		Languages\Russian\DefInjected\ResearchProjectDef\ResearchProjects.xml = Languages\Russian\DefInjected\ResearchProjectDef\ResearchProjects.xml
	EndProjectSection
EndProject
Project("{2150E333-8FDC-42A3-9474-1A3956D46DE8}") = "ThingDef", "ThingDef", "{56A8C019-4EB5-4AFD-9813-6D3D84454D42}"
	ProjectSection(SolutionItems) = preProject
		Languages\Russian\DefInjected\ThingDef\Things.xml = Languages\Russian\DefInjected\ThingDef\Things.xml
	EndProjectSection
EndProject
Project("{2150E333-8FDC-42A3-9474-1A3956D46DE8}") = "Keyed", "Keyed", "{AFCF96BC-D940-49C5-9C2B-F5B455A694AB}"
	ProjectSection(SolutionItems) = preProject
		Languages\Russian\Keyed\OpenTheWindows_keys.xml = Languages\Russian\Keyed\OpenTheWindows_keys.xml
	EndProjectSection
EndProject
Project("{2150E333-8FDC-42A3-9474-1A3956D46DE8}") = "Patches", "Patches", "{7828A701-483E-49D3-9531-555AEF09E63E}"
	ProjectSection(SolutionItems) = preProject
		Patches\Patches.xml = Patches\Patches.xml
		Patches\Patches_DubsSkylights.xml = Patches\Patches_DubsSkylights.xml
		Patches\Patches_ExpandedRoofing.xml = Patches\Patches_ExpandedRoofing.xml
		Patches\Patches_Glass+Lights.xml = Patches\Patches_Glass+Lights.xml
		Patches\Patches_JustGlass.xml = Patches\Patches_JustGlass.xml
		Patches\Patches_RaiseTheRoof.xml = Patches\Patches_RaiseTheRoof.xml
		Patches\Patches_ReBuildDoorsAndCorners.xml = Patches\Patches_ReBuildDoorsAndCorners.xml
		Patches\Patches_RimFridge.xml = Patches\Patches_RimFridge.xml
		Patches\Patches_Rimmsqol.xml = Patches\Patches_Rimmsqol.xml
		Patches\Patches_VEFurniture.xml = Patches\Patches_VEFurniture.xml
	EndProjectSection
EndProject
Global
	GlobalSection(SolutionConfigurationPlatforms) = preSolution
		1.1|Any CPU = 1.1|Any CPU
		1.2|Any CPU = 1.2|Any CPU
		1.3|Any CPU = 1.3|Any CPU
		1.4|Any CPU = 1.4|Any CPU
		1.5|Any CPU = 1.5|Any CPU
		Debug|Any CPU = Debug|Any CPU
		Release|Any CPU = Release|Any CPU
	EndGlobalSection
	GlobalSection(ProjectConfigurationPlatforms) = postSolution
		{AB5742EF-36E9-436A-9BE4-46330E1A33B0}.1.1|Any CPU.ActiveCfg = 1.1|Any CPU
		{AB5742EF-36E9-436A-9BE4-46330E1A33B0}.1.1|Any CPU.Build.0 = 1.1|Any CPU
		{AB5742EF-36E9-436A-9BE4-46330E1A33B0}.1.2|Any CPU.ActiveCfg = 1.2|Any CPU
		{AB5742EF-36E9-436A-9BE4-46330E1A33B0}.1.2|Any CPU.Build.0 = 1.2|Any CPU
		{AB5742EF-36E9-436A-9BE4-46330E1A33B0}.1.3|Any CPU.ActiveCfg = 1.3|Any CPU
		{AB5742EF-36E9-436A-9BE4-46330E1A33B0}.1.3|Any CPU.Build.0 = 1.3|Any CPU
		{AB5742EF-36E9-436A-9BE4-46330E1A33B0}.1.4|Any CPU.ActiveCfg = 1.4|Any CPU
		{AB5742EF-36E9-436A-9BE4-46330E1A33B0}.1.4|Any CPU.Build.0 = 1.4|Any CPU
		{AB5742EF-36E9-436A-9BE4-46330E1A33B0}.1.5|Any CPU.ActiveCfg = 1.5|Any CPU
		{AB5742EF-36E9-436A-9BE4-46330E1A33B0}.1.5|Any CPU.Build.0 = 1.5|Any CPU
		{AB5742EF-36E9-436A-9BE4-46330E1A33B0}.Debug|Any CPU.ActiveCfg = Debug|Any CPU
		{AB5742EF-36E9-436A-9BE4-46330E1A33B0}.Debug|Any CPU.Build.0 = Debug|Any CPU
		{AB5742EF-36E9-436A-9BE4-46330E1A33B0}.Release|Any CPU.ActiveCfg = Release|Any CPU
		{AB5742EF-36E9-436A-9BE4-46330E1A33B0}.Release|Any CPU.Build.0 = Release|Any CPU
	EndGlobalSection
	GlobalSection(SolutionProperties) = preSolution
		HideSolutionNode = FALSE
	EndGlobalSection
	GlobalSection(NestedProjects) = preSolution
		{071B7E40-F926-4602-92B7-55150D236FDD} = {8114C043-1A94-4248-927F-36E71DA53641}
		{54E9F884-DD50-4D50-A7C2-ECF58C541093} = {071B7E40-F926-4602-92B7-55150D236FDD}
		{44B639C0-085C-448A-BF22-C510212D9BF4} = {8114C043-1A94-4248-927F-36E71DA53641}
		{F9C71215-9C7D-49B3-9643-1F1E4A794CC9} = {1A8E66A4-DE1C-4DC9-BA20-7BE6E3148076}
		{20EA4A03-1784-4AFB-875E-7BB6C5D08448} = {F9C71215-9C7D-49B3-9643-1F1E4A794CC9}
		{B92E432A-67CE-4260-8F45-77B627B5BA53} = {20EA4A03-1784-4AFB-875E-7BB6C5D08448}
		{AA2446C9-555D-4953-8C5D-8BF7C96FC721} = {20EA4A03-1784-4AFB-875E-7BB6C5D08448}
		{79FB0CCF-BBF7-41B0-9844-D633CABEE192} = {F9C71215-9C7D-49B3-9643-1F1E4A794CC9}
		{01DBA416-F305-49F6-858E-122F9566D80A} = {1A8E66A4-DE1C-4DC9-BA20-7BE6E3148076}
		{D845953E-4786-459A-AC0F-D9AFE21BB0B1} = {01DBA416-F305-49F6-858E-122F9566D80A}
		{7172B8C9-FCDB-47FB-BD96-356ACAC8B4B8} = {D845953E-4786-459A-AC0F-D9AFE21BB0B1}
		{ACE4759F-7510-433A-9F7C-290541998F10} = {D845953E-4786-459A-AC0F-D9AFE21BB0B1}
		{0C83398F-0D7A-4BED-881E-E9F8B21F5571} = {01DBA416-F305-49F6-858E-122F9566D80A}
		{41CC156F-A249-49B1-81CB-1AEDA2C6C550} = {1A8E66A4-DE1C-4DC9-BA20-7BE6E3148076}
		{7D2F2B9F-EF43-46F5-AA74-75CB84BB5D07} = {41CC156F-A249-49B1-81CB-1AEDA2C6C550}
		{192CB923-4C05-401A-9CC0-5DB8C0DE2F9E} = {1A8E66A4-DE1C-4DC9-BA20-7BE6E3148076}
		{13B5DFF3-8FBA-4EE4-AE2B-EF4A00AB8D03} = {192CB923-4C05-401A-9CC0-5DB8C0DE2F9E}
		{885B51DF-8285-4ED4-8379-034563E91364} = {13B5DFF3-8FBA-4EE4-AE2B-EF4A00AB8D03}
		{B0D9D3CB-239D-448A-AEDC-118980FAF001} = {13B5DFF3-8FBA-4EE4-AE2B-EF4A00AB8D03}
		{45197375-C69B-4341-A2CD-FA5793658B8A} = {192CB923-4C05-401A-9CC0-5DB8C0DE2F9E}
		{9A239C26-310E-40C5-965D-2C1AE8482C28} = {1A8E66A4-DE1C-4DC9-BA20-7BE6E3148076}
		{54C211DC-6665-4200-AED5-3D012437F06B} = {9A239C26-310E-40C5-965D-2C1AE8482C28}
		{32D4B8EF-4485-45A1-B414-160F684DF3A2} = {54C211DC-6665-4200-AED5-3D012437F06B}
		{7EBA6B6B-C3C9-4E3B-8351-3AECCCEEACB7} = {9A239C26-310E-40C5-965D-2C1AE8482C28}
		{DFD5E181-DDBD-46A6-B58C-0BDEEB250FDB} = {1A8E66A4-DE1C-4DC9-BA20-7BE6E3148076}
		{37E1C419-FBBB-4EE3-A147-CCFB58A758CD} = {DFD5E181-DDBD-46A6-B58C-0BDEEB250FDB}
		{39280371-C04F-4FFA-BAF6-4D53C50D5470} = {37E1C419-FBBB-4EE3-A147-CCFB58A758CD}
		{74694E1A-13A8-4381-9993-DC847F144CFC} = {DFD5E181-DDBD-46A6-B58C-0BDEEB250FDB}
		{B0A48807-0D5A-43C4-AE8C-AD1A6DC774F0} = {1A8E66A4-DE1C-4DC9-BA20-7BE6E3148076}
		{FC2F75F7-D815-41E0-9196-14ECABE34555} = {B0A48807-0D5A-43C4-AE8C-AD1A6DC774F0}
		{F38E875B-6601-4922-A466-4C71390F9EE6} = {FC2F75F7-D815-41E0-9196-14ECABE34555}
		{56A8C019-4EB5-4AFD-9813-6D3D84454D42} = {FC2F75F7-D815-41E0-9196-14ECABE34555}
		{AFCF96BC-D940-49C5-9C2B-F5B455A694AB} = {B0A48807-0D5A-43C4-AE8C-AD1A6DC774F0}
	EndGlobalSection
	GlobalSection(ExtensibilityGlobals) = postSolution
		SolutionGuid = {AE23F93A-4E76-4877-B2E2-7CED627DB416}
	EndGlobalSection
EndGlobal
