
Microsoft Visual Studio Solution File, Format Version 12.00
# Visual Studio Version 16
VisualStudioVersion = 16.0.29613.14
MinimumVisualStudioVersion = 10.0.40219.1
Project("{FAE04EC0-301F-11D3-BF4B-00C04F79EFBC}") = "OpenTheWindows", "Source\OpenTheWindows.csproj", "{AB5742EF-36E9-436A-9BE4-46330E1A33B0}"
EndProject
Global
	GlobalSection(SolutionConfigurationPlatforms) = preSolution
		Debug|Any CPU = Debug|Any CPU
		Release|Any CPU = Release|Any CPU
	EndGlobalSection
	GlobalSection(ProjectConfigurationPlatforms) = postSolution
		{AB5742EF-36E9-436A-9BE4-46330E1A33B0}.Debug|Any CPU.ActiveCfg = Debug|Any CPU
		{AB5742EF-36E9-436A-9BE4-46330E1A33B0}.Debug|Any CPU.Build.0 = Debug|Any CPU
		{AB5742EF-36E9-436A-9BE4-46330E1A33B0}.Release|Any CPU.ActiveCfg = Release|Any CPU
		{AB5742EF-36E9-436A-9BE4-46330E1A33B0}.Release|Any CPU.Build.0 = Release|Any CPU
	EndGlobalSection
	GlobalSection(SolutionProperties) = preSolution
		HideSolutionNode = FALSE
	EndGlobalSection
	GlobalSection(ExtensibilityGlobals) = postSolution
		SolutionGuid = {AE23F93A-4E76-4877-B2E2-7CED627DB416}
	EndGlobalSection
EndGlobal
